
Microsoft Visual Studio Solution File, Format Version 12.00
# Visual Studio Version 16
VisualStudioVersion = 16.0.30503.244
MinimumVisualStudioVersion = 10.0.40219.1
Project("{9A19103F-16F7-4668-BE54-9A1E7A4F7556}") = "BullBot", "BullBot\BullBot.csproj", "{DA4DECF5-0CF4-420A-B278-F194F8891507}"
EndProject
Project("{9A19103F-16F7-4668-BE54-9A1E7A4F7556}") = "Infrastructure", "Infrastructure\Infrastructure.csproj", "{569D701B-3B7B-48E7-BB2E-F67651741F17}"
EndProject
Global
	GlobalSection(SolutionConfigurationPlatforms) = preSolution
		Debug|Any CPU = Debug|Any CPU
		Release|Any CPU = Release|Any CPU
	EndGlobalSection
	GlobalSection(ProjectConfigurationPlatforms) = postSolution
		{DA4DECF5-0CF4-420A-B278-F194F8891507}.Debug|Any CPU.ActiveCfg = Debug|Any CPU
		{DA4DECF5-0CF4-420A-B278-F194F8891507}.Debug|Any CPU.Build.0 = Debug|Any CPU
		{DA4DECF5-0CF4-420A-B278-F194F8891507}.Release|Any CPU.ActiveCfg = Release|Any CPU
		{DA4DECF5-0CF4-420A-B278-F194F8891507}.Release|Any CPU.Build.0 = Release|Any CPU
		{569D701B-3B7B-48E7-BB2E-F67651741F17}.Debug|Any CPU.ActiveCfg = Debug|Any CPU
		{569D701B-3B7B-48E7-BB2E-F67651741F17}.Debug|Any CPU.Build.0 = Debug|Any CPU
		{569D701B-3B7B-48E7-BB2E-F67651741F17}.Release|Any CPU.ActiveCfg = Release|Any CPU
		{569D701B-3B7B-48E7-BB2E-F67651741F17}.Release|Any CPU.Build.0 = Release|Any CPU
	EndGlobalSection
	GlobalSection(SolutionProperties) = preSolution
		HideSolutionNode = FALSE
	EndGlobalSection
	GlobalSection(ExtensibilityGlobals) = postSolution
		SolutionGuid = {948B88A1-2799-4CCB-B904-21CC2CA8A4D4}
	EndGlobalSection
EndGlobal
